
Microsoft Visual Studio Solution File, Format Version 12.00
# Visual Studio Version 17
VisualStudioVersion = 17.5.33627.172
MinimumVisualStudioVersion = 10.0.40219.1
Project("{8BC9CEB8-8B4A-11D0-8D11-00A0C91BC942}") = "PackCst", "PackCst\PackCst.vcxproj", "{71616F44-02D1-4D9E-AC3B-8584EE7F290A}"
EndProject
Project("{8BC9CEB8-8B4A-11D0-8D11-00A0C91BC942}") = "Unpack", "Unpack\Unpack.vcxproj", "{027029C0-8FF5-4060-BC98-F1D80F93F34B}"
EndProject
Global
	GlobalSection(SolutionConfigurationPlatforms) = preSolution
		Debug|x64 = Debug|x64
		Debug|x86 = Debug|x86
		Release|x64 = Release|x64
		Release|x86 = Release|x86
	EndGlobalSection
	GlobalSection(ProjectConfigurationPlatforms) = postSolution
		{71616F44-02D1-4D9E-AC3B-8584EE7F290A}.Debug|x64.ActiveCfg = Debug|x64
		{71616F44-02D1-4D9E-AC3B-8584EE7F290A}.Debug|x64.Build.0 = Debug|x64
		{71616F44-02D1-4D9E-AC3B-8584EE7F290A}.Debug|x86.ActiveCfg = Debug|Win32
		{71616F44-02D1-4D9E-AC3B-8584EE7F290A}.Debug|x86.Build.0 = Debug|Win32
		{71616F44-02D1-4D9E-AC3B-8584EE7F290A}.Release|x64.ActiveCfg = Release|x64
		{71616F44-02D1-4D9E-AC3B-8584EE7F290A}.Release|x64.Build.0 = Release|x64
		{71616F44-02D1-4D9E-AC3B-8584EE7F290A}.Release|x86.ActiveCfg = Release|Win32
		{71616F44-02D1-4D9E-AC3B-8584EE7F290A}.Release|x86.Build.0 = Release|Win32
		{027029C0-8FF5-4060-BC98-F1D80F93F34B}.Debug|x64.ActiveCfg = Debug|x64
		{027029C0-8FF5-4060-BC98-F1D80F93F34B}.Debug|x64.Build.0 = Debug|x64
		{027029C0-8FF5-4060-BC98-F1D80F93F34B}.Debug|x86.ActiveCfg = Debug|Win32
		{027029C0-8FF5-4060-BC98-F1D80F93F34B}.Debug|x86.Build.0 = Debug|Win32
		{027029C0-8FF5-4060-BC98-F1D80F93F34B}.Release|x64.ActiveCfg = Release|x64
		{027029C0-8FF5-4060-BC98-F1D80F93F34B}.Release|x64.Build.0 = Release|x64
		{027029C0-8FF5-4060-BC98-F1D80F93F34B}.Release|x86.ActiveCfg = Release|Win32
		{027029C0-8FF5-4060-BC98-F1D80F93F34B}.Release|x86.Build.0 = Release|Win32
	EndGlobalSection
	GlobalSection(SolutionProperties) = preSolution
		HideSolutionNode = FALSE
	EndGlobalSection
	GlobalSection(ExtensibilityGlobals) = postSolution
		SolutionGuid = {8F2A82EA-D9E8-4E82-AD27-C408AF494870}
	EndGlobalSection
EndGlobal
