
Microsoft Visual Studio Solution File, Format Version 12.00
# Visual Studio Version 17
VisualStudioVersion = 17.5.33627.172
MinimumVisualStudioVersion = 10.0.40219.1
Project("{8BC9CEB8-8B4A-11D0-8D11-00A0C91BC942}") = "Cstunpack", "cstunpack\cstunpack.vcxproj", "{75648EE7-E26D-445B-814B-919CE2764F4E}"
EndProject
Project("{8BC9CEB8-8B4A-11D0-8D11-00A0C91BC942}") = "CstPack", "CstPack\CstPack.vcxproj", "{3BBF8EEC-676B-4760-9A73-7390F297FF27}"
EndProject
Global
	GlobalSection(SolutionConfigurationPlatforms) = preSolution
		Debug|x64 = Debug|x64
		Debug|x86 = Debug|x86
		Release|x64 = Release|x64
		Release|x86 = Release|x86
	EndGlobalSection
	GlobalSection(ProjectConfigurationPlatforms) = postSolution
		{75648EE7-E26D-445B-814B-919CE2764F4E}.Debug|x64.ActiveCfg = Debug|x64
		{75648EE7-E26D-445B-814B-919CE2764F4E}.Debug|x64.Build.0 = Debug|x64
		{75648EE7-E26D-445B-814B-919CE2764F4E}.Debug|x86.ActiveCfg = Debug|Win32
		{75648EE7-E26D-445B-814B-919CE2764F4E}.Debug|x86.Build.0 = Debug|Win32
		{75648EE7-E26D-445B-814B-919CE2764F4E}.Release|x64.ActiveCfg = Release|x64
		{75648EE7-E26D-445B-814B-919CE2764F4E}.Release|x64.Build.0 = Release|x64
		{75648EE7-E26D-445B-814B-919CE2764F4E}.Release|x86.ActiveCfg = Release|Win32
		{75648EE7-E26D-445B-814B-919CE2764F4E}.Release|x86.Build.0 = Release|Win32
		{3BBF8EEC-676B-4760-9A73-7390F297FF27}.Debug|x64.ActiveCfg = Debug|x64
		{3BBF8EEC-676B-4760-9A73-7390F297FF27}.Debug|x64.Build.0 = Debug|x64
		{3BBF8EEC-676B-4760-9A73-7390F297FF27}.Debug|x86.ActiveCfg = Debug|Win32
		{3BBF8EEC-676B-4760-9A73-7390F297FF27}.Debug|x86.Build.0 = Debug|Win32
		{3BBF8EEC-676B-4760-9A73-7390F297FF27}.Release|x64.ActiveCfg = Release|x64
		{3BBF8EEC-676B-4760-9A73-7390F297FF27}.Release|x64.Build.0 = Release|x64
		{3BBF8EEC-676B-4760-9A73-7390F297FF27}.Release|x86.ActiveCfg = Release|Win32
		{3BBF8EEC-676B-4760-9A73-7390F297FF27}.Release|x86.Build.0 = Release|Win32
	EndGlobalSection
	GlobalSection(SolutionProperties) = preSolution
		HideSolutionNode = FALSE
	EndGlobalSection
	GlobalSection(ExtensibilityGlobals) = postSolution
		SolutionGuid = {7D9C8F60-DEA9-4823-B323-250CFC48F447}
	EndGlobalSection
EndGlobal
